// !$*UTF8*$!
{
	archiveVersion = 1;
	classes = {
	};
	objectVersion = 56;
	objects = {

/* Begin PBXBuildFile section */
		EC5918092950E5490021F090 /* notificationApp.swift in Sources */ = {isa = PBXBuildFile; fileRef = EC5918082950E5490021F090 /* notificationApp.swift */; };
		EC59180B2950E5490021F090 /* ContentView.swift in Sources */ = {isa = PBXBuildFile; fileRef = EC59180A2950E5490021F090 /* ContentView.swift */; };
		EC59180D2950E54A0021F090 /* Assets.xcassets in Resources */ = {isa = PBXBuildFile; fileRef = EC59180C2950E54A0021F090 /* Assets.xcassets */; };
		EC5918102950E54A0021F090 /* Preview Assets.xcassets in Resources */ = {isa = PBXBuildFile; fileRef = EC59180F2950E54A0021F090 /* Preview Assets.xcassets */; };
		EC59181A2950E54A0021F090 /* notificationTests.swift in Sources */ = {isa = PBXBuildFile; fileRef = EC5918192950E54A0021F090 /* notificationTests.swift */; };
		EC5918242950E54A0021F090 /* notificationUITests.swift in Sources */ = {isa = PBXBuildFile; fileRef = EC5918232950E54A0021F090 /* notificationUITests.swift */; };
		EC5918262950E54A0021F090 /* notificationUITestsLaunchTests.swift in Sources */ = {isa = PBXBuildFile; fileRef = EC5918252950E54A0021F090 /* notificationUITestsLaunchTests.swift */; };
/* End PBXBuildFile section */

/* Begin PBXContainerItemProxy section */
		EC5918162950E54A0021F090 /* PBXContainerItemProxy */ = {
			isa = PBXContainerItemProxy;
			containerPortal = EC5917FD2950E5490021F090 /* Project object */;
			proxyType = 1;
			remoteGlobalIDString = EC5918042950E5490021F090;
			remoteInfo = notification;
		};
		EC5918202950E54A0021F090 /* PBXContainerItemProxy */ = {
			isa = PBXContainerItemProxy;
			containerPortal = EC5917FD2950E5490021F090 /* Project object */;
			proxyType = 1;
			remoteGlobalIDString = EC5918042950E5490021F090;
			remoteInfo = notification;
		};
/* End PBXContainerItemProxy section */

/* Begin PBXFileReference section */
		EC5918052950E5490021F090 /* notification.app */ = {isa = PBXFileReference; explicitFileType = wrapper.application; includeInIndex = 0; path = notification.app; sourceTree = BUILT_PRODUCTS_DIR; };
		EC5918082950E5490021F090 /* notificationApp.swift */ = {isa = PBXFileReference; lastKnownFileType = sourcecode.swift; path = notificationApp.swift; sourceTree = "<group>"; };
		EC59180A2950E5490021F090 /* ContentView.swift */ = {isa = PBXFileReference; lastKnownFileType = sourcecode.swift; path = ContentView.swift; sourceTree = "<group>"; };
		EC59180C2950E54A0021F090 /* Assets.xcassets */ = {isa = PBXFileReference; lastKnownFileType = folder.assetcatalog; path = Assets.xcassets; sourceTree = "<group>"; };
		EC59180F2950E54A0021F090 /* Preview Assets.xcassets */ = {isa = PBXFileReference; lastKnownFileType = folder.assetcatalog; path = "Preview Assets.xcassets"; sourceTree = "<group>"; };
		EC5918152950E54A0021F090 /* notificationTests.xctest */ = {isa = PBXFileReference; explicitFileType = wrapper.cfbundle; includeInIndex = 0; path = notificationTests.xctest; sourceTree = BUILT_PRODUCTS_DIR; };
		EC5918192950E54A0021F090 /* notificationTests.swift */ = {isa = PBXFileReference; lastKnownFileType = sourcecode.swift; path = notificationTests.swift; sourceTree = "<group>"; };
		EC59181F2950E54A0021F090 /* notificationUITests.xctest */ = {isa = PBXFileReference; explicitFileType = wrapper.cfbundle; includeInIndex = 0; path = notificationUITests.xctest; sourceTree = BUILT_PRODUCTS_DIR; };
		EC5918232950E54A0021F090 /* notificationUITests.swift */ = {isa = PBXFileReference; lastKnownFileType = sourcecode.swift; path = notificationUITests.swift; sourceTree = "<group>"; };
		EC5918252950E54A0021F090 /* notificationUITestsLaunchTests.swift */ = {isa = PBXFileReference; lastKnownFileType = sourcecode.swift; path = notificationUITestsLaunchTests.swift; sourceTree = "<group>"; };
/* End PBXFileReference section */

/* Begin PBXFrameworksBuildPhase section */
		EC5918022950E5490021F090 /* Frameworks */ = {
			isa = PBXFrameworksBuildPhase;
			buildActionMask = 2147483647;
			files = (
			);
			runOnlyForDeploymentPostprocessing = 0;
		};
		EC5918122950E54A0021F090 /* Frameworks */ = {
			isa = PBXFrameworksBuildPhase;
			buildActionMask = 2147483647;
			files = (
			);
			runOnlyForDeploymentPostprocessing = 0;
		};
		EC59181C2950E54A0021F090 /* Frameworks */ = {
			isa = PBXFrameworksBuildPhase;
			buildActionMask = 2147483647;
			files = (
			);
			runOnlyForDeploymentPostprocessing = 0;
		};
/* End PBXFrameworksBuildPhase section */

/* Begin PBXGroup section */
		EC5917FC2950E5490021F090 = {
			isa = PBXGroup;
			children = (
				EC5918072950E5490021F090 /* notification */,
				EC5918182950E54A0021F090 /* notificationTests */,
				EC5918222950E54A0021F090 /* notificationUITests */,
				EC5918062950E5490021F090 /* Products */,
			);
			sourceTree = "<group>";
		};
		EC5918062950E5490021F090 /* Products */ = {
			isa = PBXGroup;
			children = (
				EC5918052950E5490021F090 /* notification.app */,
				EC5918152950E54A0021F090 /* notificationTests.xctest */,
				EC59181F2950E54A0021F090 /* notificationUITests.xctest */,
			);
			name = Products;
			sourceTree = "<group>";
		};
		EC5918072950E5490021F090 /* notification */ = {
			isa = PBXGroup;
			children = (
				EC5918082950E5490021F090 /* notificationApp.swift */,
				EC59180A2950E5490021F090 /* ContentView.swift */,
				EC59180C2950E54A0021F090 /* Assets.xcassets */,
				EC59180E2950E54A0021F090 /* Preview Content */,
			);
			path = notification;
			sourceTree = "<group>";
		};
		EC59180E2950E54A0021F090 /* Preview Content */ = {
			isa = PBXGroup;
			children = (
				EC59180F2950E54A0021F090 /* Preview Assets.xcassets */,
			);
			path = "Preview Content";
			sourceTree = "<group>";
		};
		EC5918182950E54A0021F090 /* notificationTests */ = {
			isa = PBXGroup;
			children = (
				EC5918192950E54A0021F090 /* notificationTests.swift */,
			);
			path = notificationTests;
			sourceTree = "<group>";
		};
		EC5918222950E54A0021F090 /* notificationUITests */ = {
			isa = PBXGroup;
			children = (
				EC5918232950E54A0021F090 /* notificationUITests.swift */,
				EC5918252950E54A0021F090 /* notificationUITestsLaunchTests.swift */,
			);
			path = notificationUITests;
			sourceTree = "<group>";
		};
/* End PBXGroup section */

/* Begin PBXNativeTarget section */
		EC5918042950E5490021F090 /* notification */ = {
			isa = PBXNativeTarget;
			buildConfigurationList = EC5918292950E54A0021F090 /* Build configuration list for PBXNativeTarget "notification" */;
			buildPhases = (
				EC5918012950E5490021F090 /* Sources */,
				EC5918022950E5490021F090 /* Frameworks */,
				EC5918032950E5490021F090 /* Resources */,
			);
			buildRules = (
			);
			dependencies = (
			);
			name = notification;
			productName = notification;
			productReference = EC5918052950E5490021F090 /* notification.app */;
			productType = "com.apple.product-type.application";
		};
		EC5918142950E54A0021F090 /* notificationTests */ = {
			isa = PBXNativeTarget;
			buildConfigurationList = EC59182C2950E54A0021F090 /* Build configuration list for PBXNativeTarget "notificationTests" */;
			buildPhases = (
				EC5918112950E54A0021F090 /* Sources */,
				EC5918122950E54A0021F090 /* Frameworks */,
				EC5918132950E54A0021F090 /* Resources */,
			);
			buildRules = (
			);
			dependencies = (
				EC5918172950E54A0021F090 /* PBXTargetDependency */,
			);
			name = notificationTests;
			productName = notificationTests;
			productReference = EC5918152950E54A0021F090 /* notificationTests.xctest */;
			productType = "com.apple.product-type.bundle.unit-test";
		};
		EC59181E2950E54A0021F090 /* notificationUITests */ = {
			isa = PBXNativeTarget;
			buildConfigurationList = EC59182F2950E54A0021F090 /* Build configuration list for PBXNativeTarget "notificationUITests" */;
			buildPhases = (
				EC59181B2950E54A0021F090 /* Sources */,
				EC59181C2950E54A0021F090 /* Frameworks */,
				EC59181D2950E54A0021F090 /* Resources */,
			);
			buildRules = (
			);
			dependencies = (
				EC5918212950E54A0021F090 /* PBXTargetDependency */,
			);
			name = notificationUITests;
			productName = notificationUITests;
			productReference = EC59181F2950E54A0021F090 /* notificationUITests.xctest */;
			productType = "com.apple.product-type.bundle.ui-testing";
		};
/* End PBXNativeTarget section */

/* Begin PBXProject section */
		EC5917FD2950E5490021F090 /* Project object */ = {
			isa = PBXProject;
			attributes = {
				BuildIndependentTargetsInParallel = 1;
				LastSwiftUpdateCheck = 1410;
				LastUpgradeCheck = 1410;
				TargetAttributes = {
					EC5918042950E5490021F090 = {
						CreatedOnToolsVersion = 14.1;
					};
					EC5918142950E54A0021F090 = {
						CreatedOnToolsVersion = 14.1;
						TestTargetID = EC5918042950E5490021F090;
					};
					EC59181E2950E54A0021F090 = {
						CreatedOnToolsVersion = 14.1;
						TestTargetID = EC5918042950E5490021F090;
					};
				};
			};
			buildConfigurationList = EC5918002950E5490021F090 /* Build configuration list for PBXProject "notification" */;
			compatibilityVersion = "Xcode 14.0";
			developmentRegion = en;
			hasScannedForEncodings = 0;
			knownRegions = (
				en,
				Base,
			);
			mainGroup = EC5917FC2950E5490021F090;
			productRefGroup = EC5918062950E5490021F090 /* Products */;
			projectDirPath = "";
			projectRoot = "";
			targets = (
				EC5918042950E5490021F090 /* notification */,
				EC5918142950E54A0021F090 /* notificationTests */,
				EC59181E2950E54A0021F090 /* notificationUITests */,
			);
		};
/* End PBXProject section */

/* Begin PBXResourcesBuildPhase section */
		EC5918032950E5490021F090 /* Resources */ = {
			isa = PBXResourcesBuildPhase;
			buildActionMask = 2147483647;
			files = (
				EC5918102950E54A0021F090 /* Preview Assets.xcassets in Resources */,
				EC59180D2950E54A0021F090 /* Assets.xcassets in Resources */,
			);
			runOnlyForDeploymentPostprocessing = 0;
		};
		EC5918132950E54A0021F090 /* Resources */ = {
			isa = PBXResourcesBuildPhase;
			buildActionMask = 2147483647;
			files = (
			);
			runOnlyForDeploymentPostprocessing = 0;
		};
		EC59181D2950E54A0021F090 /* Resources */ = {
			isa = PBXResourcesBuildPhase;
			buildActionMask = 2147483647;
			files = (
			);
			runOnlyForDeploymentPostprocessing = 0;
		};
/* End PBXResourcesBuildPhase section */

/* Begin PBXSourcesBuildPhase section */
		EC5918012950E5490021F090 /* Sources */ = {
			isa = PBXSourcesBuildPhase;
			buildActionMask = 2147483647;
			files = (
				EC59180B2950E5490021F090 /* ContentView.swift in Sources */,
				EC5918092950E5490021F090 /* notificationApp.swift in Sources */,
			);
			runOnlyForDeploymentPostprocessing = 0;
		};
		EC5918112950E54A0021F090 /* Sources */ = {
			isa = PBXSourcesBuildPhase;
			buildActionMask = 2147483647;
			files = (
				EC59181A2950E54A0021F090 /* notificationTests.swift in Sources */,
			);
			runOnlyForDeploymentPostprocessing = 0;
		};
		EC59181B2950E54A0021F090 /* Sources */ = {
			isa = PBXSourcesBuildPhase;
			buildActionMask = 2147483647;
			files = (
				EC5918242950E54A0021F090 /* notificationUITests.swift in Sources */,
				EC5918262950E54A0021F090 /* notificationUITestsLaunchTests.swift in Sources */,
			);
			runOnlyForDeploymentPostprocessing = 0;
		};
/* End PBXSourcesBuildPhase section */

/* Begin PBXTargetDependency section */
		EC5918172950E54A0021F090 /* PBXTargetDependency */ = {
			isa = PBXTargetDependency;
			target = EC5918042950E5490021F090 /* notification */;
			targetProxy = EC5918162950E54A0021F090 /* PBXContainerItemProxy */;
		};
		EC5918212950E54A0021F090 /* PBXTargetDependency */ = {
			isa = PBXTargetDependency;
			target = EC5918042950E5490021F090 /* notification */;
			targetProxy = EC5918202950E54A0021F090 /* PBXContainerItemProxy */;
		};
/* End PBXTargetDependency section */

/* Begin XCBuildConfiguration section */
		EC5918272950E54A0021F090 /* Debug */ = {
			isa = XCBuildConfiguration;
			buildSettings = {
				ALWAYS_SEARCH_USER_PATHS = NO;
				CLANG_ANALYZER_NONNULL = YES;
				CLANG_ANALYZER_NUMBER_OBJECT_CONVERSION = YES_AGGRESSIVE;
				CLANG_CXX_LANGUAGE_STANDARD = "gnu++20";
				CLANG_ENABLE_MODULES = YES;
				CLANG_ENABLE_OBJC_ARC = YES;
				CLANG_ENABLE_OBJC_WEAK = YES;
				CLANG_WARN_BLOCK_CAPTURE_AUTORELEASING = YES;
				CLANG_WARN_BOOL_CONVERSION = YES;
				CLANG_WARN_COMMA = YES;
				CLANG_WARN_CONSTANT_CONVERSION = YES;
				CLANG_WARN_DEPRECATED_OBJC_IMPLEMENTATIONS = YES;
				CLANG_WARN_DIRECT_OBJC_ISA_USAGE = YES_ERROR;
				CLANG_WARN_DOCUMENTATION_COMMENTS = YES;
				CLANG_WARN_EMPTY_BODY = YES;
				CLANG_WARN_ENUM_CONVERSION = YES;
				CLANG_WARN_INFINITE_RECURSION = YES;
				CLANG_WARN_INT_CONVERSION = YES;
				CLANG_WARN_NON_LITERAL_NULL_CONVERSION = YES;
				CLANG_WARN_OBJC_IMPLICIT_RETAIN_SELF = YES;
				CLANG_WARN_OBJC_LITERAL_CONVERSION = YES;
				CLANG_WARN_OBJC_ROOT_CLASS = YES_ERROR;
				CLANG_WARN_QUOTED_INCLUDE_IN_FRAMEWORK_HEADER = YES;
				CLANG_WARN_RANGE_LOOP_ANALYSIS = YES;
				CLANG_WARN_STRICT_PROTOTYPES = YES;
				CLANG_WARN_SUSPICIOUS_MOVE = YES;
				CLANG_WARN_UNGUARDED_AVAILABILITY = YES_AGGRESSIVE;
				CLANG_WARN_UNREACHABLE_CODE = YES;
				CLANG_WARN__DUPLICATE_METHOD_MATCH = YES;
				COPY_PHASE_STRIP = NO;
				DEBUG_INFORMATION_FORMAT = dwarf;
				ENABLE_STRICT_OBJC_MSGSEND = YES;
				ENABLE_TESTABILITY = YES;
				GCC_C_LANGUAGE_STANDARD = gnu11;
				GCC_DYNAMIC_NO_PIC = NO;
				GCC_NO_COMMON_BLOCKS = YES;
				GCC_OPTIMIZATION_LEVEL = 0;
				GCC_PREPROCESSOR_DEFINITIONS = (
					"DEBUG=1",
					"$(inherited)",
				);
				GCC_WARN_64_TO_32_BIT_CONVERSION = YES;
				GCC_WARN_ABOUT_RETURN_TYPE = YES_ERROR;
				GCC_WARN_UNDECLARED_SELECTOR = YES;
				GCC_WARN_UNINITIALIZED_AUTOS = YES_AGGRESSIVE;
				GCC_WARN_UNUSED_FUNCTION = YES;
				GCC_WARN_UNUSED_VARIABLE = YES;
				IPHONEOS_DEPLOYMENT_TARGET = 16.1;
				MTL_ENABLE_DEBUG_INFO = INCLUDE_SOURCE;
				MTL_FAST_MATH = YES;
				ONLY_ACTIVE_ARCH = YES;
				SDKROOT = iphoneos;
				SWIFT_ACTIVE_COMPILATION_CONDITIONS = DEBUG;
				SWIFT_OPTIMIZATION_LEVEL = "-Onone";
			};
			name = Debug;
		};
		EC5918282950E54A0021F090 /* Release */ = {
			isa = XCBuildConfiguration;
			buildSettings = {
				ALWAYS_SEARCH_USER_PATHS = NO;
				CLANG_ANALYZER_NONNULL = YES;
				CLANG_ANALYZER_NUMBER_OBJECT_CONVERSION = YES_AGGRESSIVE;
				CLANG_CXX_LANGUAGE_STANDARD = "gnu++20";
				CLANG_ENABLE_MODULES = YES;
				CLANG_ENABLE_OBJC_ARC = YES;
				CLANG_ENABLE_OBJC_WEAK = YES;
				CLANG_WARN_BLOCK_CAPTURE_AUTORELEASING = YES;
				CLANG_WARN_BOOL_CONVERSION = YES;
				CLANG_WARN_COMMA = YES;
				CLANG_WARN_CONSTANT_CONVERSION = YES;
				CLANG_WARN_DEPRECATED_OBJC_IMPLEMENTATIONS = YES;
				CLANG_WARN_DIRECT_OBJC_ISA_USAGE = YES_ERROR;
				CLANG_WARN_DOCUMENTATION_COMMENTS = YES;
				CLANG_WARN_EMPTY_BODY = YES;
				CLANG_WARN_ENUM_CONVERSION = YES;
				CLANG_WARN_INFINITE_RECURSION = YES;
				CLANG_WARN_INT_CONVERSION = YES;
				CLANG_WARN_NON_LITERAL_NULL_CONVERSION = YES;
				CLANG_WARN_OBJC_IMPLICIT_RETAIN_SELF = YES;
				CLANG_WARN_OBJC_LITERAL_CONVERSION = YES;
				CLANG_WARN_OBJC_ROOT_CLASS = YES_ERROR;
				CLANG_WARN_QUOTED_INCLUDE_IN_FRAMEWORK_HEADER = YES;
				CLANG_WARN_RANGE_LOOP_ANALYSIS = YES;
				CLANG_WARN_STRICT_PROTOTYPES = YES;
				CLANG_WARN_SUSPICIOUS_MOVE = YES;
				CLANG_WARN_UNGUARDED_AVAILABILITY = YES_AGGRESSIVE;
				CLANG_WARN_UNREACHABLE_CODE = YES;
				CLANG_WARN__DUPLICATE_METHOD_MATCH = YES;
				COPY_PHASE_STRIP = NO;
				DEBUG_INFORMATION_FORMAT = "dwarf-with-dsym";
				ENABLE_NS_ASSERTIONS = NO;
				ENABLE_STRICT_OBJC_MSGSEND = YES;
				GCC_C_LANGUAGE_STANDARD = gnu11;
				GCC_NO_COMMON_BLOCKS = YES;
				GCC_WARN_64_TO_32_BIT_CONVERSION = YES;
				GCC_WARN_ABOUT_RETURN_TYPE = YES_ERROR;
				GCC_WARN_UNDECLARED_SELECTOR = YES;
				GCC_WARN_UNINITIALIZED_AUTOS = YES_AGGRESSIVE;
				GCC_WARN_UNUSED_FUNCTION = YES;
				GCC_WARN_UNUSED_VARIABLE = YES;
				IPHONEOS_DEPLOYMENT_TARGET = 16.1;
				MTL_ENABLE_DEBUG_INFO = NO;
				MTL_FAST_MATH = YES;
				SDKROOT = iphoneos;
				SWIFT_COMPILATION_MODE = wholemodule;
				SWIFT_OPTIMIZATION_LEVEL = "-O";
				VALIDATE_PRODUCT = YES;
			};
			name = Release;
		};
		EC59182A2950E54A0021F090 /* Debug */ = {
			isa = XCBuildConfiguration;
			buildSettings = {
				ASSETCATALOG_COMPILER_APPICON_NAME = AppIcon;
				ASSETCATALOG_COMPILER_GLOBAL_ACCENT_COLOR_NAME = AccentColor;
				CODE_SIGN_STYLE = Automatic;
				CURRENT_PROJECT_VERSION = 1;
				DEVELOPMENT_ASSET_PATHS = "\"notification/Preview Content\"";
				DEVELOPMENT_TEAM = 92C697WDFT;
				ENABLE_PREVIEWS = YES;
				GENERATE_INFOPLIST_FILE = YES;
				INFOPLIST_KEY_UIApplicationSceneManifest_Generation = YES;
				INFOPLIST_KEY_UIApplicationSupportsIndirectInputEvents = YES;
				INFOPLIST_KEY_UILaunchScreen_Generation = YES;
				INFOPLIST_KEY_UISupportedInterfaceOrientations_iPad = "UIInterfaceOrientationPortrait UIInterfaceOrientationPortraitUpsideDown UIInterfaceOrientationLandscapeLeft UIInterfaceOrientationLandscapeRight";
				INFOPLIST_KEY_UISupportedInterfaceOrientations_iPhone = "UIInterfaceOrientationPortrait UIInterfaceOrientationLandscapeLeft UIInterfaceOrientationLandscapeRight";
				IPHONEOS_DEPLOYMENT_TARGET = 15.6;
				LD_RUNPATH_SEARCH_PATHS = (
					"$(inherited)",
					"@executable_path/Frameworks",
				);
				MARKETING_VERSION = 1.0;
				PRODUCT_BUNDLE_IDENTIFIER = Celebrate.notification;
				PRODUCT_NAME = "$(TARGET_NAME)";
				SWIFT_EMIT_LOC_STRINGS = YES;
				SWIFT_VERSION = 5.0;
				TARGETED_DEVICE_FAMILY = "1,2";
			};
			name = Debug;
		};
		EC59182B2950E54A0021F090 /* Release */ = {
			isa = XCBuildConfiguration;
			buildSettings = {
				ASSETCATALOG_COMPILER_APPICON_NAME = AppIcon;
				ASSETCATALOG_COMPILER_GLOBAL_ACCENT_COLOR_NAME = AccentColor;
				CODE_SIGN_STYLE = Automatic;
				CURRENT_PROJECT_VERSION = 1;
				DEVELOPMENT_ASSET_PATHS = "\"notification/Preview Content\"";
				DEVELOPMENT_TEAM = 92C697WDFT;
				ENABLE_PREVIEWS = YES;
				GENERATE_INFOPLIST_FILE = YES;
				INFOPLIST_KEY_UIApplicationSceneManifest_Generation = YES;
				INFOPLIST_KEY_UIApplicationSupportsIndirectInputEvents = YES;
				INFOPLIST_KEY_UILaunchScreen_Generation = YES;
				INFOPLIST_KEY_UISupportedInterfaceOrientations_iPad = "UIInterfaceOrientationPortrait UIInterfaceOrientationPortraitUpsideDown UIInterfaceOrientationLandscapeLeft UIInterfaceOrientationLandscapeRight";
				INFOPLIST_KEY_UISupportedInterfaceOrientations_iPhone = "UIInterfaceOrientationPortrait UIInterfaceOrientationLandscapeLeft UIInterfaceOrientationLandscapeRight";
				IPHONEOS_DEPLOYMENT_TARGET = 15.6;
				LD_RUNPATH_SEARCH_PATHS = (
					"$(inherited)",
					"@executable_path/Frameworks",
				);
				MARKETING_VERSION = 1.0;
				PRODUCT_BUNDLE_IDENTIFIER = Celebrate.notification;
				PRODUCT_NAME = "$(TARGET_NAME)";
				SWIFT_EMIT_LOC_STRINGS = YES;
				SWIFT_VERSION = 5.0;
				TARGETED_DEVICE_FAMILY = "1,2";
			};
			name = Release;
		};
		EC59182D2950E54A0021F090 /* Debug */ = {
			isa = XCBuildConfiguration;
			buildSettings = {
				ALWAYS_EMBED_SWIFT_STANDARD_LIBRARIES = YES;
				BUNDLE_LOADER = "$(TEST_HOST)";
				CODE_SIGN_STYLE = Automatic;
				CURRENT_PROJECT_VERSION = 1;
				GENERATE_INFOPLIST_FILE = YES;
				IPHONEOS_DEPLOYMENT_TARGET = 16.1;
				MARKETING_VERSION = 1.0;
				PRODUCT_BUNDLE_IDENTIFIER = Celebrate.notificationTests;
				PRODUCT_NAME = "$(TARGET_NAME)";
				SWIFT_EMIT_LOC_STRINGS = NO;
				SWIFT_VERSION = 5.0;
				TARGETED_DEVICE_FAMILY = "1,2";
				TEST_HOST = "$(BUILT_PRODUCTS_DIR)/notification.app/$(BUNDLE_EXECUTABLE_FOLDER_PATH)/notification";
			};
			name = Debug;
		};
		EC59182E2950E54A0021F090 /* Release */ = {
			isa = XCBuildConfiguration;
			buildSettings = {
				ALWAYS_EMBED_SWIFT_STANDARD_LIBRARIES = YES;
				BUNDLE_LOADER = "$(TEST_HOST)";
				CODE_SIGN_STYLE = Automatic;
				CURRENT_PROJECT_VERSION = 1;
				GENERATE_INFOPLIST_FILE = YES;
				IPHONEOS_DEPLOYMENT_TARGET = 16.1;
				MARKETING_VERSION = 1.0;
				PRODUCT_BUNDLE_IDENTIFIER = Celebrate.notificationTests;
				PRODUCT_NAME = "$(TARGET_NAME)";
				SWIFT_EMIT_LOC_STRINGS = NO;
				SWIFT_VERSION = 5.0;
				TARGETED_DEVICE_FAMILY = "1,2";
				TEST_HOST = "$(BUILT_PRODUCTS_DIR)/notification.app/$(BUNDLE_EXECUTABLE_FOLDER_PATH)/notification";
			};
			name = Release;
		};
		EC5918302950E54A0021F090 /* Debug */ = {
			isa = XCBuildConfiguration;
			buildSettings = {
				ALWAYS_EMBED_SWIFT_STANDARD_LIBRARIES = YES;
				CODE_SIGN_STYLE = Automatic;
				CURRENT_PROJECT_VERSION = 1;
				GENERATE_INFOPLIST_FILE = YES;
				MARKETING_VERSION = 1.0;
				PRODUCT_BUNDLE_IDENTIFIER = Celebrate.notificationUITests;
				PRODUCT_NAME = "$(TARGET_NAME)";
				SWIFT_EMIT_LOC_STRINGS = NO;
				SWIFT_VERSION = 5.0;
				TARGETED_DEVICE_FAMILY = "1,2";
				TEST_TARGET_NAME = notification;
			};
			name = Debug;
		};
		EC5918312950E54A0021F090 /* Release */ = {
			isa = XCBuildConfiguration;
			buildSettings = {
				ALWAYS_EMBED_SWIFT_STANDARD_LIBRARIES = YES;
				CODE_SIGN_STYLE = Automatic;
				CURRENT_PROJECT_VERSION = 1;
				GENERATE_INFOPLIST_FILE = YES;
				MARKETING_VERSION = 1.0;
				PRODUCT_BUNDLE_IDENTIFIER = Celebrate.notificationUITests;
				PRODUCT_NAME = "$(TARGET_NAME)";
				SWIFT_EMIT_LOC_STRINGS = NO;
				SWIFT_VERSION = 5.0;
				TARGETED_DEVICE_FAMILY = "1,2";
				TEST_TARGET_NAME = notification;
			};
			name = Release;
		};
/* End XCBuildConfiguration section */

/* Begin XCConfigurationList section */
		EC5918002950E5490021F090 /* Build configuration list for PBXProject "notification" */ = {
			isa = XCConfigurationList;
			buildConfigurations = (
				EC5918272950E54A0021F090 /* Debug */,
				EC5918282950E54A0021F090 /* Release */,
			);
			defaultConfigurationIsVisible = 0;
			defaultConfigurationName = Release;
		};
		EC5918292950E54A0021F090 /* Build configuration list for PBXNativeTarget "notification" */ = {
			isa = XCConfigurationList;
			buildConfigurations = (
				EC59182A2950E54A0021F090 /* Debug */,
				EC59182B2950E54A0021F090 /* Release */,
			);
			defaultConfigurationIsVisible = 0;
			defaultConfigurationName = Release;
		};
		EC59182C2950E54A0021F090 /* Build configuration list for PBXNativeTarget "notificationTests" */ = {
			isa = XCConfigurationList;
			buildConfigurations = (
				EC59182D2950E54A0021F090 /* Debug */,
				EC59182E2950E54A0021F090 /* Release */,
			);
			defaultConfigurationIsVisible = 0;
			defaultConfigurationName = Release;
		};
		EC59182F2950E54A0021F090 /* Build configuration list for PBXNativeTarget "notificationUITests" */ = {
			isa = XCConfigurationList;
			buildConfigurations = (
				EC5918302950E54A0021F090 /* Debug */,
				EC5918312950E54A0021F090 /* Release */,
			);
			defaultConfigurationIsVisible = 0;
			defaultConfigurationName = Release;
		};
/* End XCConfigurationList section */
	};
	rootObject = EC5917FD2950E5490021F090 /* Project object */;
}
